
Microsoft Visual Studio Solution File, Format Version 12.00
# Visual Studio Version 17
VisualStudioVersion = 17.13.35806.99 d17.13
MinimumVisualStudioVersion = 10.0.40219.1
Project("{FAE04EC0-301F-11D3-BF4B-00C04F79EFBC}") = "Testeavaliacao", "Testeavaliacao.csproj", "{DA7193FF-2032-4F01-9173-254A525587AB}"
EndProject
Global
	GlobalSection(SolutionConfigurationPlatforms) = preSolution
		Debug|Any CPU = Debug|Any CPU
		Release|Any CPU = Release|Any CPU
	EndGlobalSection
	GlobalSection(ProjectConfigurationPlatforms) = postSolution
		{DA7193FF-2032-4F01-9173-254A525587AB}.Debug|Any CPU.ActiveCfg = Debug|Any CPU
		{DA7193FF-2032-4F01-9173-254A525587AB}.Debug|Any CPU.Build.0 = Debug|Any CPU
		{DA7193FF-2032-4F01-9173-254A525587AB}.Release|Any CPU.ActiveCfg = Release|Any CPU
		{DA7193FF-2032-4F01-9173-254A525587AB}.Release|Any CPU.Build.0 = Release|Any CPU
	EndGlobalSection
	GlobalSection(SolutionProperties) = preSolution
		HideSolutionNode = FALSE
	EndGlobalSection
	GlobalSection(ExtensibilityGlobals) = postSolution
		SolutionGuid = {8D9A1000-18E4-4084-B115-659B59C536F4}
	EndGlobalSection
EndGlobal
